
Microsoft Visual Studio Solution File, Format Version 12.00
# Visual Studio 15
VisualStudioVersion = 15.0.28307.1972
MinimumVisualStudioVersion = 10.0.40219.1
Project("{159641D6-6404-4A2A-AE62-294DE0FE8301}") = "ETLMigraciones", "ETLMigraciones\ETLMigraciones.dtproj", "{699465C1-831E-4465-8786-0438A8D823A3}"
EndProject
Global
	GlobalSection(SolutionConfigurationPlatforms) = preSolution
		Development|Default = Development|Default
	EndGlobalSection
	GlobalSection(ProjectConfigurationPlatforms) = postSolution
		{699465C1-831E-4465-8786-0438A8D823A3}.Development|Default.ActiveCfg = Development
		{699465C1-831E-4465-8786-0438A8D823A3}.Development|Default.Build.0 = Development
	EndGlobalSection
	GlobalSection(SolutionProperties) = preSolution
		HideSolutionNode = FALSE
	EndGlobalSection
	GlobalSection(ExtensibilityGlobals) = postSolution
		SolutionGuid = {A06D511B-4E70-4109-A3A1-68A8F68168AD}
	EndGlobalSection
EndGlobal
